
Microsoft Visual Studio Solution File, Format Version 12.00
# Visual Studio Version 17
VisualStudioVersion = 17.6.33801.468
MinimumVisualStudioVersion = 10.0.40219.1
Project("{2150E333-8FDC-42A3-9474-1A3956D46DE8}") = "corePackages", "corePackages", "{4C267471-8D11-407D-83F2-7476856ABD39}"
EndProject
Project("{2150E333-8FDC-42A3-9474-1A3956D46DE8}") = "gameServer", "gameServer", "{55C348ED-20DB-4BCA-8E81-88AA89BDD182}"
EndProject
Project("{9A19103F-16F7-4668-BE54-9A1E7A4F7556}") = "Core.Persistence", "corePackages\Core.Persistence\Core.Persistence.csproj", "{BC0BF845-4750-4519-8DDD-0C3708F942B0}"
EndProject
Project("{9A19103F-16F7-4668-BE54-9A1E7A4F7556}") = "Server", "gameServer\Server\Server.csproj", "{45538DC9-19F3-4A2F-A700-D118FE5E070C}"
EndProject
Project("{FAE04EC0-301F-11D3-BF4B-00C04F79EFBC}") = "Domain", "gameServer\Domain\Domain.csproj", "{2F259DCA-7F32-405C-AFBC-5A89ABF77B40}"
EndProject
Project("{FAE04EC0-301F-11D3-BF4B-00C04F79EFBC}") = "Persistence", "gameServer\Persistence\Persistence.csproj", "{B0B8D22A-CB8B-405C-B1B9-A5FEBA7ED6BC}"
EndProject
Project("{FAE04EC0-301F-11D3-BF4B-00C04F79EFBC}") = "Application", "gameServer\Application\Application.csproj", "{EA71AC62-E6E3-4D8B-A25C-99C1CB8E38B3}"
EndProject
Global
	GlobalSection(SolutionConfigurationPlatforms) = preSolution
		Debug|Any CPU = Debug|Any CPU
		Release|Any CPU = Release|Any CPU
	EndGlobalSection
	GlobalSection(ProjectConfigurationPlatforms) = postSolution
		{BC0BF845-4750-4519-8DDD-0C3708F942B0}.Debug|Any CPU.ActiveCfg = Debug|Any CPU
		{BC0BF845-4750-4519-8DDD-0C3708F942B0}.Debug|Any CPU.Build.0 = Debug|Any CPU
		{BC0BF845-4750-4519-8DDD-0C3708F942B0}.Release|Any CPU.ActiveCfg = Release|Any CPU
		{BC0BF845-4750-4519-8DDD-0C3708F942B0}.Release|Any CPU.Build.0 = Release|Any CPU
		{45538DC9-19F3-4A2F-A700-D118FE5E070C}.Debug|Any CPU.ActiveCfg = Debug|Any CPU
		{45538DC9-19F3-4A2F-A700-D118FE5E070C}.Debug|Any CPU.Build.0 = Debug|Any CPU
		{45538DC9-19F3-4A2F-A700-D118FE5E070C}.Release|Any CPU.ActiveCfg = Release|Any CPU
		{45538DC9-19F3-4A2F-A700-D118FE5E070C}.Release|Any CPU.Build.0 = Release|Any CPU
		{2F259DCA-7F32-405C-AFBC-5A89ABF77B40}.Debug|Any CPU.ActiveCfg = Debug|Any CPU
		{2F259DCA-7F32-405C-AFBC-5A89ABF77B40}.Debug|Any CPU.Build.0 = Debug|Any CPU
		{2F259DCA-7F32-405C-AFBC-5A89ABF77B40}.Release|Any CPU.ActiveCfg = Release|Any CPU
		{2F259DCA-7F32-405C-AFBC-5A89ABF77B40}.Release|Any CPU.Build.0 = Release|Any CPU
		{B0B8D22A-CB8B-405C-B1B9-A5FEBA7ED6BC}.Debug|Any CPU.ActiveCfg = Debug|Any CPU
		{B0B8D22A-CB8B-405C-B1B9-A5FEBA7ED6BC}.Debug|Any CPU.Build.0 = Debug|Any CPU
		{B0B8D22A-CB8B-405C-B1B9-A5FEBA7ED6BC}.Release|Any CPU.ActiveCfg = Release|Any CPU
		{B0B8D22A-CB8B-405C-B1B9-A5FEBA7ED6BC}.Release|Any CPU.Build.0 = Release|Any CPU
		{EA71AC62-E6E3-4D8B-A25C-99C1CB8E38B3}.Debug|Any CPU.ActiveCfg = Debug|Any CPU
		{EA71AC62-E6E3-4D8B-A25C-99C1CB8E38B3}.Debug|Any CPU.Build.0 = Debug|Any CPU
		{EA71AC62-E6E3-4D8B-A25C-99C1CB8E38B3}.Release|Any CPU.ActiveCfg = Release|Any CPU
		{EA71AC62-E6E3-4D8B-A25C-99C1CB8E38B3}.Release|Any CPU.Build.0 = Release|Any CPU
	EndGlobalSection
	GlobalSection(SolutionProperties) = preSolution
		HideSolutionNode = FALSE
	EndGlobalSection
	GlobalSection(NestedProjects) = preSolution
		{BC0BF845-4750-4519-8DDD-0C3708F942B0} = {4C267471-8D11-407D-83F2-7476856ABD39}
		{45538DC9-19F3-4A2F-A700-D118FE5E070C} = {55C348ED-20DB-4BCA-8E81-88AA89BDD182}
		{2F259DCA-7F32-405C-AFBC-5A89ABF77B40} = {55C348ED-20DB-4BCA-8E81-88AA89BDD182}
		{B0B8D22A-CB8B-405C-B1B9-A5FEBA7ED6BC} = {55C348ED-20DB-4BCA-8E81-88AA89BDD182}
		{EA71AC62-E6E3-4D8B-A25C-99C1CB8E38B3} = {55C348ED-20DB-4BCA-8E81-88AA89BDD182}
	EndGlobalSection
	GlobalSection(ExtensibilityGlobals) = postSolution
		SolutionGuid = {5DB35A86-D593-4A34-A160-8C7E74874CCE}
	EndGlobalSection
EndGlobal
