
Microsoft Visual Studio Solution File, Format Version 12.00
# Visual Studio Version 17
VisualStudioVersion = 17.6.33801.468
MinimumVisualStudioVersion = 10.0.40219.1
Project("{2150E333-8FDC-42A3-9474-1A3956D46DE8}") = "corePackages", "corePackages", "{4C267471-8D11-407D-83F2-7476856ABD39}"
EndProject
Project("{2150E333-8FDC-42A3-9474-1A3956D46DE8}") = "gameServer", "gameServer", "{55C348ED-20DB-4BCA-8E81-88AA89BDD182}"
EndProject
Project("{FAE04EC0-301F-11D3-BF4B-00C04F79EFBC}") = "Core.Persistence", "corePackages\Core.Persistence\Core.Persistence.csproj", "{BC0BF845-4750-4519-8DDD-0C3708F942B0}"
EndProject
Global
	GlobalSection(SolutionConfigurationPlatforms) = preSolution
		Debug|Any CPU = Debug|Any CPU
		Release|Any CPU = Release|Any CPU
	EndGlobalSection
	GlobalSection(ProjectConfigurationPlatforms) = postSolution
		{BC0BF845-4750-4519-8DDD-0C3708F942B0}.Debug|Any CPU.ActiveCfg = Debug|Any CPU
		{BC0BF845-4750-4519-8DDD-0C3708F942B0}.Debug|Any CPU.Build.0 = Debug|Any CPU
		{BC0BF845-4750-4519-8DDD-0C3708F942B0}.Release|Any CPU.ActiveCfg = Release|Any CPU
		{BC0BF845-4750-4519-8DDD-0C3708F942B0}.Release|Any CPU.Build.0 = Release|Any CPU
	EndGlobalSection
	GlobalSection(SolutionProperties) = preSolution
		HideSolutionNode = FALSE
	EndGlobalSection
	GlobalSection(NestedProjects) = preSolution
		{BC0BF845-4750-4519-8DDD-0C3708F942B0} = {4C267471-8D11-407D-83F2-7476856ABD39}
	EndGlobalSection
	GlobalSection(ExtensibilityGlobals) = postSolution
		SolutionGuid = {5DB35A86-D593-4A34-A160-8C7E74874CCE}
	EndGlobalSection
EndGlobal
